// !$*UTF8*$!
{
	archiveVersion = 1;
	classes = {
	};
	objectVersion = 55;
	objects = {

/* Begin PBXBuildFile section */
		36C5DDD2281C548D0083AAFE /* AppDelegate.swift in Sources */ = {isa = PBXBuildFile; fileRef = 36C5DDD1281C548D0083AAFE /* AppDelegate.swift */; };
		36C5DDD4281C548D0083AAFE /* SceneDelegate.swift in Sources */ = {isa = PBXBuildFile; fileRef = 36C5DDD3281C548D0083AAFE /* SceneDelegate.swift */; };
		36C5DDD6281C548D0083AAFE /* ViewController.swift in Sources */ = {isa = PBXBuildFile; fileRef = 36C5DDD5281C548D0083AAFE /* ViewController.swift */; };
		36C5DDD9281C548D0083AAFE /* Main.storyboard in Resources */ = {isa = PBXBuildFile; fileRef = 36C5DDD7281C548D0083AAFE /* Main.storyboard */; };
		36C5DDDB281C54900083AAFE /* Assets.xcassets in Resources */ = {isa = PBXBuildFile; fileRef = 36C5DDDA281C54900083AAFE /* Assets.xcassets */; };
		36C5DDDE281C54900083AAFE /* LaunchScreen.storyboard in Resources */ = {isa = PBXBuildFile; fileRef = 36C5DDDC281C54900083AAFE /* LaunchScreen.storyboard */; };
		36C5DDE6281C59030083AAFE /* RailRoadBoxCarCondition.mlmodel in Sources */ = {isa = PBXBuildFile; fileRef = 36C5DDE5281C59030083AAFE /* RailRoadBoxCarCondition.mlmodel */; };
		36F9FDA0281CAB8E0039DDC6 /* RailroadBoxCarModelV2.mlmodel in Sources */ = {isa = PBXBuildFile; fileRef = 36F9FD9F281CAB8E0039DDC6 /* RailroadBoxCarModelV2.mlmodel */; };
		36F9FDA2281CB73D0039DDC6 /* ResultsViewController.swift in Sources */ = {isa = PBXBuildFile; fileRef = 36F9FDA1281CB73D0039DDC6 /* ResultsViewController.swift */; };
/* End PBXBuildFile section */

/* Begin PBXFileReference section */
		36C5DDCE281C548D0083AAFE /* MAD_Grad_karjikar_abdulla.app */ = {isa = PBXFileReference; explicitFileType = wrapper.application; includeInIndex = 0; path = MAD_Grad_karjikar_abdulla.app; sourceTree = BUILT_PRODUCTS_DIR; };
		36C5DDD1281C548D0083AAFE /* AppDelegate.swift */ = {isa = PBXFileReference; lastKnownFileType = sourcecode.swift; path = AppDelegate.swift; sourceTree = "<group>"; };
		36C5DDD3281C548D0083AAFE /* SceneDelegate.swift */ = {isa = PBXFileReference; lastKnownFileType = sourcecode.swift; path = SceneDelegate.swift; sourceTree = "<group>"; };
		36C5DDD5281C548D0083AAFE /* ViewController.swift */ = {isa = PBXFileReference; lastKnownFileType = sourcecode.swift; path = ViewController.swift; sourceTree = "<group>"; };
		36C5DDD8281C548D0083AAFE /* Base */ = {isa = PBXFileReference; lastKnownFileType = file.storyboard; name = Base; path = Base.lproj/Main.storyboard; sourceTree = "<group>"; };
		36C5DDDA281C54900083AAFE /* Assets.xcassets */ = {isa = PBXFileReference; lastKnownFileType = folder.assetcatalog; path = Assets.xcassets; sourceTree = "<group>"; };
		36C5DDDD281C54900083AAFE /* Base */ = {isa = PBXFileReference; lastKnownFileType = file.storyboard; name = Base; path = Base.lproj/LaunchScreen.storyboard; sourceTree = "<group>"; };
		36C5DDDF281C54900083AAFE /* Info.plist */ = {isa = PBXFileReference; lastKnownFileType = text.plist.xml; path = Info.plist; sourceTree = "<group>"; };
		36C5DDE5281C59030083AAFE /* RailRoadBoxCarCondition.mlmodel */ = {isa = PBXFileReference; lastKnownFileType = file.mlmodel; path = RailRoadBoxCarCondition.mlmodel; sourceTree = "<group>"; };
		36F9FD9F281CAB8E0039DDC6 /* RailroadBoxCarModelV2.mlmodel */ = {isa = PBXFileReference; lastKnownFileType = file.mlmodel; path = RailroadBoxCarModelV2.mlmodel; sourceTree = "<group>"; };
		36F9FDA1281CB73D0039DDC6 /* ResultsViewController.swift */ = {isa = PBXFileReference; lastKnownFileType = sourcecode.swift; path = ResultsViewController.swift; sourceTree = "<group>"; };
/* End PBXFileReference section */

/* Begin PBXFrameworksBuildPhase section */
		36C5DDCB281C548D0083AAFE /* Frameworks */ = {
			isa = PBXFrameworksBuildPhase;
			buildActionMask = 2147483647;
			files = (
			);
			runOnlyForDeploymentPostprocessing = 0;
		};
/* End PBXFrameworksBuildPhase section */

/* Begin PBXGroup section */
		36C5DDC5281C548D0083AAFE = {
			isa = PBXGroup;
			children = (
				36C5DDD0281C548D0083AAFE /* MAD_Grad_karjikar_abdulla */,
				36C5DDCF281C548D0083AAFE /* Products */,
			);
			sourceTree = "<group>";
		};
		36C5DDCF281C548D0083AAFE /* Products */ = {
			isa = PBXGroup;
			children = (
				36C5DDCE281C548D0083AAFE /* MAD_Grad_karjikar_abdulla.app */,
			);
			name = Products;
			sourceTree = "<group>";
		};
		36C5DDD0281C548D0083AAFE /* MAD_Grad_karjikar_abdulla */ = {
			isa = PBXGroup;
			children = (
				36C5DDD1281C548D0083AAFE /* AppDelegate.swift */,
				36C5DDD3281C548D0083AAFE /* SceneDelegate.swift */,
				36C5DDD5281C548D0083AAFE /* ViewController.swift */,
				36C5DDE5281C59030083AAFE /* RailRoadBoxCarCondition.mlmodel */,
				36F9FD9F281CAB8E0039DDC6 /* RailroadBoxCarModelV2.mlmodel */,
				36C5DDD7281C548D0083AAFE /* Main.storyboard */,
				36F9FDA1281CB73D0039DDC6 /* ResultsViewController.swift */,
				36C5DDDA281C54900083AAFE /* Assets.xcassets */,
				36C5DDDC281C54900083AAFE /* LaunchScreen.storyboard */,
				36C5DDDF281C54900083AAFE /* Info.plist */,
			);
			path = MAD_Grad_karjikar_abdulla;
			sourceTree = "<group>";
		};
/* End PBXGroup section */

/* Begin PBXNativeTarget section */
		36C5DDCD281C548D0083AAFE /* MAD_Grad_karjikar_abdulla */ = {
			isa = PBXNativeTarget;
			buildConfigurationList = 36C5DDE2281C54900083AAFE /* Build configuration list for PBXNativeTarget "MAD_Grad_karjikar_abdulla" */;
			buildPhases = (
				36C5DDCA281C548D0083AAFE /* Sources */,
				36C5DDCB281C548D0083AAFE /* Frameworks */,
				36C5DDCC281C548D0083AAFE /* Resources */,
			);
			buildRules = (
			);
			dependencies = (
			);
			name = MAD_Grad_karjikar_abdulla;
			productName = MAD_Grad_karjikar_abdulla;
			productReference = 36C5DDCE281C548D0083AAFE /* MAD_Grad_karjikar_abdulla.app */;
			productType = "com.apple.product-type.application";
		};
/* End PBXNativeTarget section */

/* Begin PBXProject section */
		36C5DDC6281C548D0083AAFE /* Project object */ = {
			isa = PBXProject;
			attributes = {
				BuildIndependentTargetsInParallel = 1;
				LastSwiftUpdateCheck = 1320;
				LastUpgradeCheck = 1320;
				TargetAttributes = {
					36C5DDCD281C548D0083AAFE = {
						CreatedOnToolsVersion = 13.2.1;
					};
				};
			};
			buildConfigurationList = 36C5DDC9281C548D0083AAFE /* Build configuration list for PBXProject "MAD_Grad_karjikar_abdulla" */;
			compatibilityVersion = "Xcode 13.0";
			developmentRegion = en;
			hasScannedForEncodings = 0;
			knownRegions = (
				en,
				Base,
			);
			mainGroup = 36C5DDC5281C548D0083AAFE;
			productRefGroup = 36C5DDCF281C548D0083AAFE /* Products */;
			projectDirPath = "";
			projectRoot = "";
			targets = (
				36C5DDCD281C548D0083AAFE /* MAD_Grad_karjikar_abdulla */,
			);
		};
/* End PBXProject section */

/* Begin PBXResourcesBuildPhase section */
		36C5DDCC281C548D0083AAFE /* Resources */ = {
			isa = PBXResourcesBuildPhase;
			buildActionMask = 2147483647;
			files = (
				36C5DDDE281C54900083AAFE /* LaunchScreen.storyboard in Resources */,
				36C5DDDB281C54900083AAFE /* Assets.xcassets in Resources */,
				36C5DDD9281C548D0083AAFE /* Main.storyboard in Resources */,
			);
			runOnlyForDeploymentPostprocessing = 0;
		};
/* End PBXResourcesBuildPhase section */

/* Begin PBXSourcesBuildPhase section */
		36C5DDCA281C548D0083AAFE /* Sources */ = {
			isa = PBXSourcesBuildPhase;
			buildActionMask = 2147483647;
			files = (
				36C5DDD6281C548D0083AAFE /* ViewController.swift in Sources */,
				36C5DDD2281C548D0083AAFE /* AppDelegate.swift in Sources */,
				36C5DDD4281C548D0083AAFE /* SceneDelegate.swift in Sources */,
				36C5DDE6281C59030083AAFE /* RailRoadBoxCarCondition.mlmodel in Sources */,
				36F9FDA0281CAB8E0039DDC6 /* RailroadBoxCarModelV2.mlmodel in Sources */,
				36F9FDA2281CB73D0039DDC6 /* ResultsViewController.swift in Sources */,
			);
			runOnlyForDeploymentPostprocessing = 0;
		};
/* End PBXSourcesBuildPhase section */

/* Begin PBXVariantGroup section */
		36C5DDD7281C548D0083AAFE /* Main.storyboard */ = {
			isa = PBXVariantGroup;
			children = (
				36C5DDD8281C548D0083AAFE /* Base */,
			);
			name = Main.storyboard;
			sourceTree = "<group>";
		};
		36C5DDDC281C54900083AAFE /* LaunchScreen.storyboard */ = {
			isa = PBXVariantGroup;
			children = (
				36C5DDDD281C54900083AAFE /* Base */,
			);
			name = LaunchScreen.storyboard;
			sourceTree = "<group>";
		};
/* End PBXVariantGroup section */

/* Begin XCBuildConfiguration section */
		36C5DDE0281C54900083AAFE /* Debug */ = {
			isa = XCBuildConfiguration;
			buildSettings = {
				ALWAYS_SEARCH_USER_PATHS = NO;
				CLANG_ANALYZER_NONNULL = YES;
				CLANG_ANALYZER_NUMBER_OBJECT_CONVERSION = YES_AGGRESSIVE;
				CLANG_CXX_LANGUAGE_STANDARD = "gnu++17";
				CLANG_CXX_LIBRARY = "libc++";
				CLANG_ENABLE_MODULES = YES;
				CLANG_ENABLE_OBJC_ARC = YES;
				CLANG_ENABLE_OBJC_WEAK = YES;
				CLANG_WARN_BLOCK_CAPTURE_AUTORELEASING = YES;
				CLANG_WARN_BOOL_CONVERSION = YES;
				CLANG_WARN_COMMA = YES;
				CLANG_WARN_CONSTANT_CONVERSION = YES;
				CLANG_WARN_DEPRECATED_OBJC_IMPLEMENTATIONS = YES;
				CLANG_WARN_DIRECT_OBJC_ISA_USAGE = YES_ERROR;
				CLANG_WARN_DOCUMENTATION_COMMENTS = YES;
				CLANG_WARN_EMPTY_BODY = YES;
				CLANG_WARN_ENUM_CONVERSION = YES;
				CLANG_WARN_INFINITE_RECURSION = YES;
				CLANG_WARN_INT_CONVERSION = YES;
				CLANG_WARN_NON_LITERAL_NULL_CONVERSION = YES;
				CLANG_WARN_OBJC_IMPLICIT_RETAIN_SELF = YES;
				CLANG_WARN_OBJC_LITERAL_CONVERSION = YES;
				CLANG_WARN_OBJC_ROOT_CLASS = YES_ERROR;
				CLANG_WARN_QUOTED_INCLUDE_IN_FRAMEWORK_HEADER = YES;
				CLANG_WARN_RANGE_LOOP_ANALYSIS = YES;
				CLANG_WARN_STRICT_PROTOTYPES = YES;
				CLANG_WARN_SUSPICIOUS_MOVE = YES;
				CLANG_WARN_UNGUARDED_AVAILABILITY = YES_AGGRESSIVE;
				CLANG_WARN_UNREACHABLE_CODE = YES;
				CLANG_WARN__DUPLICATE_METHOD_MATCH = YES;
				COPY_PHASE_STRIP = NO;
				DEBUG_INFORMATION_FORMAT = dwarf;
				ENABLE_STRICT_OBJC_MSGSEND = YES;
				ENABLE_TESTABILITY = YES;
				GCC_C_LANGUAGE_STANDARD = gnu11;
				GCC_DYNAMIC_NO_PIC = NO;
				GCC_NO_COMMON_BLOCKS = YES;
				GCC_OPTIMIZATION_LEVEL = 0;
				GCC_PREPROCESSOR_DEFINITIONS = (
					"DEBUG=1",
					"$(inherited)",
				);
				GCC_WARN_64_TO_32_BIT_CONVERSION = YES;
				GCC_WARN_ABOUT_RETURN_TYPE = YES_ERROR;
				GCC_WARN_UNDECLARED_SELECTOR = YES;
				GCC_WARN_UNINITIALIZED_AUTOS = YES_AGGRESSIVE;
				GCC_WARN_UNUSED_FUNCTION = YES;
				GCC_WARN_UNUSED_VARIABLE = YES;
				IPHONEOS_DEPLOYMENT_TARGET = 15.2;
				MTL_ENABLE_DEBUG_INFO = INCLUDE_SOURCE;
				MTL_FAST_MATH = YES;
				ONLY_ACTIVE_ARCH = YES;
				SDKROOT = iphoneos;
				SWIFT_ACTIVE_COMPILATION_CONDITIONS = DEBUG;
				SWIFT_OPTIMIZATION_LEVEL = "-Onone";
			};
			name = Debug;
		};
		36C5DDE1281C54900083AAFE /* Release */ = {
			isa = XCBuildConfiguration;
			buildSettings = {
				ALWAYS_SEARCH_USER_PATHS = NO;
				CLANG_ANALYZER_NONNULL = YES;
				CLANG_ANALYZER_NUMBER_OBJECT_CONVERSION = YES_AGGRESSIVE;
				CLANG_CXX_LANGUAGE_STANDARD = "gnu++17";
				CLANG_CXX_LIBRARY = "libc++";
				CLANG_ENABLE_MODULES = YES;
				CLANG_ENABLE_OBJC_ARC = YES;
				CLANG_ENABLE_OBJC_WEAK = YES;
				CLANG_WARN_BLOCK_CAPTURE_AUTORELEASING = YES;
				CLANG_WARN_BOOL_CONVERSION = YES;
				CLANG_WARN_COMMA = YES;
				CLANG_WARN_CONSTANT_CONVERSION = YES;
				CLANG_WARN_DEPRECATED_OBJC_IMPLEMENTATIONS = YES;
				CLANG_WARN_DIRECT_OBJC_ISA_USAGE = YES_ERROR;
				CLANG_WARN_DOCUMENTATION_COMMENTS = YES;
				CLANG_WARN_EMPTY_BODY = YES;
				CLANG_WARN_ENUM_CONVERSION = YES;
				CLANG_WARN_INFINITE_RECURSION = YES;
				CLANG_WARN_INT_CONVERSION = YES;
				CLANG_WARN_NON_LITERAL_NULL_CONVERSION = YES;
				CLANG_WARN_OBJC_IMPLICIT_RETAIN_SELF = YES;
				CLANG_WARN_OBJC_LITERAL_CONVERSION = YES;
				CLANG_WARN_OBJC_ROOT_CLASS = YES_ERROR;
				CLANG_WARN_QUOTED_INCLUDE_IN_FRAMEWORK_HEADER = YES;
				CLANG_WARN_RANGE_LOOP_ANALYSIS = YES;
				CLANG_WARN_STRICT_PROTOTYPES = YES;
				CLANG_WARN_SUSPICIOUS_MOVE = YES;
				CLANG_WARN_UNGUARDED_AVAILABILITY = YES_AGGRESSIVE;
				CLANG_WARN_UNREACHABLE_CODE = YES;
				CLANG_WARN__DUPLICATE_METHOD_MATCH = YES;
				COPY_PHASE_STRIP = NO;
				DEBUG_INFORMATION_FORMAT = "dwarf-with-dsym";
				ENABLE_NS_ASSERTIONS = NO;
				ENABLE_STRICT_OBJC_MSGSEND = YES;
				GCC_C_LANGUAGE_STANDARD = gnu11;
				GCC_NO_COMMON_BLOCKS = YES;
				GCC_WARN_64_TO_32_BIT_CONVERSION = YES;
				GCC_WARN_ABOUT_RETURN_TYPE = YES_ERROR;
				GCC_WARN_UNDECLARED_SELECTOR = YES;
				GCC_WARN_UNINITIALIZED_AUTOS = YES_AGGRESSIVE;
				GCC_WARN_UNUSED_FUNCTION = YES;
				GCC_WARN_UNUSED_VARIABLE = YES;
				IPHONEOS_DEPLOYMENT_TARGET = 15.2;
				MTL_ENABLE_DEBUG_INFO = NO;
				MTL_FAST_MATH = YES;
				SDKROOT = iphoneos;
				SWIFT_COMPILATION_MODE = wholemodule;
				SWIFT_OPTIMIZATION_LEVEL = "-O";
				VALIDATE_PRODUCT = YES;
			};
			name = Release;
		};
		36C5DDE3281C54900083AAFE /* Debug */ = {
			isa = XCBuildConfiguration;
			buildSettings = {
				ASSETCATALOG_COMPILER_APPICON_NAME = AppIcon;
				ASSETCATALOG_COMPILER_GLOBAL_ACCENT_COLOR_NAME = AccentColor;
				CODE_SIGN_STYLE = Automatic;
				CURRENT_PROJECT_VERSION = 1;
				DEVELOPMENT_TEAM = 2JMAC9YR3A;
				GENERATE_INFOPLIST_FILE = YES;
				INFOPLIST_FILE = MAD_Grad_karjikar_abdulla/Info.plist;
				INFOPLIST_KEY_UIApplicationSupportsIndirectInputEvents = YES;
				INFOPLIST_KEY_UILaunchStoryboardName = LaunchScreen;
				INFOPLIST_KEY_UIMainStoryboardFile = Main;
				INFOPLIST_KEY_UISupportedInterfaceOrientations_iPad = "UIInterfaceOrientationPortrait UIInterfaceOrientationPortraitUpsideDown UIInterfaceOrientationLandscapeLeft UIInterfaceOrientationLandscapeRight";
				INFOPLIST_KEY_UISupportedInterfaceOrientations_iPhone = "UIInterfaceOrientationPortrait UIInterfaceOrientationLandscapeLeft UIInterfaceOrientationLandscapeRight";
				IPHONEOS_DEPLOYMENT_TARGET = 15.4;
				LD_RUNPATH_SEARCH_PATHS = (
					"$(inherited)",
					"@executable_path/Frameworks",
				);
				MARKETING_VERSION = 1.0;
				PRODUCT_BUNDLE_IDENTIFIER = "com.mobileappdev.MAD-Grad-karjikar-abdulla";
				PRODUCT_NAME = "$(TARGET_NAME)";
				SWIFT_EMIT_LOC_STRINGS = YES;
				SWIFT_VERSION = 5.0;
				TARGETED_DEVICE_FAMILY = 1;
			};
			name = Debug;
		};
		36C5DDE4281C54900083AAFE /* Release */ = {
			isa = XCBuildConfiguration;
			buildSettings = {
				ASSETCATALOG_COMPILER_APPICON_NAME = AppIcon;
				ASSETCATALOG_COMPILER_GLOBAL_ACCENT_COLOR_NAME = AccentColor;
				CODE_SIGN_STYLE = Automatic;
				CURRENT_PROJECT_VERSION = 1;
				DEVELOPMENT_TEAM = 2JMAC9YR3A;
				GENERATE_INFOPLIST_FILE = YES;
				INFOPLIST_FILE = MAD_Grad_karjikar_abdulla/Info.plist;
				INFOPLIST_KEY_UIApplicationSupportsIndirectInputEvents = YES;
				INFOPLIST_KEY_UILaunchStoryboardName = LaunchScreen;
				INFOPLIST_KEY_UIMainStoryboardFile = Main;
				INFOPLIST_KEY_UISupportedInterfaceOrientations_iPad = "UIInterfaceOrientationPortrait UIInterfaceOrientationPortraitUpsideDown UIInterfaceOrientationLandscapeLeft UIInterfaceOrientationLandscapeRight";
				INFOPLIST_KEY_UISupportedInterfaceOrientations_iPhone = "UIInterfaceOrientationPortrait UIInterfaceOrientationLandscapeLeft UIInterfaceOrientationLandscapeRight";
				IPHONEOS_DEPLOYMENT_TARGET = 15.4;
				LD_RUNPATH_SEARCH_PATHS = (
					"$(inherited)",
					"@executable_path/Frameworks",
				);
				MARKETING_VERSION = 1.0;
				PRODUCT_BUNDLE_IDENTIFIER = "com.mobileappdev.MAD-Grad-karjikar-abdulla";
				PRODUCT_NAME = "$(TARGET_NAME)";
				SWIFT_EMIT_LOC_STRINGS = YES;
				SWIFT_VERSION = 5.0;
				TARGETED_DEVICE_FAMILY = 1;
			};
			name = Release;
		};
/* End XCBuildConfiguration section */

/* Begin XCConfigurationList section */
		36C5DDC9281C548D0083AAFE /* Build configuration list for PBXProject "MAD_Grad_karjikar_abdulla" */ = {
			isa = XCConfigurationList;
			buildConfigurations = (
				36C5DDE0281C54900083AAFE /* Debug */,
				36C5DDE1281C54900083AAFE /* Release */,
			);
			defaultConfigurationIsVisible = 0;
			defaultConfigurationName = Release;
		};
		36C5DDE2281C54900083AAFE /* Build configuration list for PBXNativeTarget "MAD_Grad_karjikar_abdulla" */ = {
			isa = XCConfigurationList;
			buildConfigurations = (
				36C5DDE3281C54900083AAFE /* Debug */,
				36C5DDE4281C54900083AAFE /* Release */,
			);
			defaultConfigurationIsVisible = 0;
			defaultConfigurationName = Release;
		};
/* End XCConfigurationList section */
	};
	rootObject = 36C5DDC6281C548D0083AAFE /* Project object */;
}
